# This file was autogenerated by Stack.
# You should not edit this file by hand.
# For more information, please see the documentation at:
#   https://docs.haskellstack.org/en/stable/lock_files

packages:
- completed:
    hackage: envparse-0.4.1@sha256:989902e6368532548f61de1fa245ad2b39176cddd8743b20071af519a709ce30,2842
    pantry-tree:
      size: 1180
      sha256: 35044d67979fe2a5cff05cf8736a06a265592433cdd03e13a72908ceed892612
  original:
    hackage: envparse-0.4.1@sha256:989902e6368532548f61de1fa245ad2b39176cddd8743b20071af519a709ce30,2842
- completed:
    cabal-file:
      size: 3705
      sha256: 2349cc28b2bd97c9c8b84661a1c5298a141be6eca3e79faf057c0807308ba273
    name: lnd-client
    version: 0.1.0.0
    git: https://github.com/coingaming/lnd-client.git
    pantry-tree:
      size: 2980
      sha256: 43acced126cd59aa976285da598a68150e4a14fe75c582a851e7ea8140bde70f
    commit: a3582c80d017798d476ee57a05eafd380ba135f9
  original:
    git: https://github.com/coingaming/lnd-client.git
    commit: a3582c80d017798d476ee57a05eafd380ba135f9
- completed:
    size: 24681
    url: https://github.com/coingaming/persistent-migration/archive/d75fb27181319e3fe18ff19e45198feee6a88187.tar.gz
    cabal-file:
      size: 3570
      sha256: aca1b9a91f04b992475648bfd5ebf0f51ac4a9d9961995a59e8a3518e76ce49d
    name: persistent-migration
    version: 0.1.0
    sha256: 9fcae8fbae3bd004bde3dee64f394083b21fcc6c3246752d23b2c050406a33a8
    pantry-tree:
      size: 3220
      sha256: e43ea639bb78e28b4e407889bfb168dcb072d55e733489990cb3af805ebcd496
  original:
    url: https://github.com/coingaming/persistent-migration/archive/d75fb27181319e3fe18ff19e45198feee6a88187.tar.gz
snapshots:
- completed:
    size: 524996
    url: https://raw.githubusercontent.com/commercialhaskell/stackage-snapshots/master/lts/14/27.yaml
    sha256: 7ea31a280c56bf36ff591a7397cc384d0dff622e7f9e4225b47d8980f019a0f0
  original: lts-14.27
